
Microsoft Visual Studio Solution File, Format Version 12.00
# Visual Studio Version 17
VisualStudioVersion = 17.0.31903.59
MinimumVisualStudioVersion = 10.0.40219.1
Project("{9A19103F-16F7-4668-BE54-9A1E7A4F7556}") = "PointlessWaymarks.VaultfuscationManualConsoleTest", "PointlessWaymarks.VaultfuscationManualConsoleTest\PointlessWaymarks.VaultfuscationManualConsoleTest.csproj", "{B738FD80-2A14-4904-A4E4-8DC02132334B}"
EndProject
Project("{2150E333-8FDC-42A3-9474-1A3956D46DE8}") = "Solution Items", "Solution Items", "{089B0E66-1A23-47E7-ADA1-BABBF0839E84}"
	ProjectSection(SolutionItems) = preProject
		.gitignore = .gitignore
		Directory.Build.props = Directory.Build.props
		LICENSE = LICENSE
		README.md = README.md
	EndProjectSection
EndProject
Project("{9A19103F-16F7-4668-BE54-9A1E7A4F7556}") = "PointlessWaymarks.VaultfuscatedTextEditor", "PointlessWaymarks.VaultfuscatedTextEditor\PointlessWaymarks.VaultfuscatedTextEditor.csproj", "{FCBD00E1-012A-492B-B3F7-8581AA4FB2D7}"
EndProject
Project("{9A19103F-16F7-4668-BE54-9A1E7A4F7556}") = "PointlessWaymarks.AvaloniaToolkit", "PointlessWaymarksTools\PointlessWaymarks.AvaloniaToolkit\PointlessWaymarks.AvaloniaToolkit.csproj", "{29C66028-3F18-4E4D-AFB2-65D54DE66D3D}"
EndProject
Project("{9A19103F-16F7-4668-BE54-9A1E7A4F7556}") = "PointlessWaymarks.VaultfuscationTools", "PointlessWaymarksTools\PointlessWaymarks.VaultfuscationTools\PointlessWaymarks.VaultfuscationTools.csproj", "{7ABE0AB7-5659-428F-9492-DB5EF3EED58F}"
EndProject
Project("{9A19103F-16F7-4668-BE54-9A1E7A4F7556}") = "PointlessWaymarks.LlamaAspects", "PointlessWaymarksTools\PointlessWaymarks.LlamaAspects\PointlessWaymarks.LlamaAspects.csproj", "{AAC2C3AD-4C6A-4C29-91B7-A11D0A602BA3}"
EndProject
Project("{9A19103F-16F7-4668-BE54-9A1E7A4F7556}") = "PointlessWaymarks.CommonTools", "PointlessWaymarksTools\PointlessWaymarks.CommonTools\PointlessWaymarks.CommonTools.csproj", "{E7BB5E7F-D3CD-4558-9025-575969F89BD5}"
EndProject
Global
	GlobalSection(SolutionConfigurationPlatforms) = preSolution
		Debug|Any CPU = Debug|Any CPU
		Debug|x64 = Debug|x64
		Release|Any CPU = Release|Any CPU
		Release|x64 = Release|x64
	EndGlobalSection
	GlobalSection(ProjectConfigurationPlatforms) = postSolution
		{B738FD80-2A14-4904-A4E4-8DC02132334B}.Debug|Any CPU.ActiveCfg = Debug|x64
		{B738FD80-2A14-4904-A4E4-8DC02132334B}.Debug|Any CPU.Build.0 = Debug|x64
		{B738FD80-2A14-4904-A4E4-8DC02132334B}.Debug|x64.ActiveCfg = Debug|x64
		{B738FD80-2A14-4904-A4E4-8DC02132334B}.Debug|x64.Build.0 = Debug|x64
		{B738FD80-2A14-4904-A4E4-8DC02132334B}.Release|Any CPU.ActiveCfg = Release|x64
		{B738FD80-2A14-4904-A4E4-8DC02132334B}.Release|Any CPU.Build.0 = Release|x64
		{B738FD80-2A14-4904-A4E4-8DC02132334B}.Release|x64.ActiveCfg = Release|x64
		{B738FD80-2A14-4904-A4E4-8DC02132334B}.Release|x64.Build.0 = Release|x64
		{FCBD00E1-012A-492B-B3F7-8581AA4FB2D7}.Debug|Any CPU.ActiveCfg = Debug|x64
		{FCBD00E1-012A-492B-B3F7-8581AA4FB2D7}.Debug|Any CPU.Build.0 = Debug|x64
		{FCBD00E1-012A-492B-B3F7-8581AA4FB2D7}.Debug|x64.ActiveCfg = Debug|x64
		{FCBD00E1-012A-492B-B3F7-8581AA4FB2D7}.Debug|x64.Build.0 = Debug|x64
		{FCBD00E1-012A-492B-B3F7-8581AA4FB2D7}.Release|Any CPU.ActiveCfg = Release|x64
		{FCBD00E1-012A-492B-B3F7-8581AA4FB2D7}.Release|Any CPU.Build.0 = Release|x64
		{FCBD00E1-012A-492B-B3F7-8581AA4FB2D7}.Release|x64.ActiveCfg = Release|x64
		{FCBD00E1-012A-492B-B3F7-8581AA4FB2D7}.Release|x64.Build.0 = Release|x64
		{29C66028-3F18-4E4D-AFB2-65D54DE66D3D}.Debug|Any CPU.ActiveCfg = Debug|x64
		{29C66028-3F18-4E4D-AFB2-65D54DE66D3D}.Debug|Any CPU.Build.0 = Debug|x64
		{29C66028-3F18-4E4D-AFB2-65D54DE66D3D}.Debug|x64.ActiveCfg = Debug|x64
		{29C66028-3F18-4E4D-AFB2-65D54DE66D3D}.Debug|x64.Build.0 = Debug|x64
		{29C66028-3F18-4E4D-AFB2-65D54DE66D3D}.Release|Any CPU.ActiveCfg = Release|x64
		{29C66028-3F18-4E4D-AFB2-65D54DE66D3D}.Release|Any CPU.Build.0 = Release|x64
		{29C66028-3F18-4E4D-AFB2-65D54DE66D3D}.Release|x64.ActiveCfg = Release|x64
		{29C66028-3F18-4E4D-AFB2-65D54DE66D3D}.Release|x64.Build.0 = Release|x64
		{7ABE0AB7-5659-428F-9492-DB5EF3EED58F}.Debug|Any CPU.ActiveCfg = Debug|x64
		{7ABE0AB7-5659-428F-9492-DB5EF3EED58F}.Debug|Any CPU.Build.0 = Debug|x64
		{7ABE0AB7-5659-428F-9492-DB5EF3EED58F}.Debug|x64.ActiveCfg = Debug|x64
		{7ABE0AB7-5659-428F-9492-DB5EF3EED58F}.Debug|x64.Build.0 = Debug|x64
		{7ABE0AB7-5659-428F-9492-DB5EF3EED58F}.Release|Any CPU.ActiveCfg = Release|x64
		{7ABE0AB7-5659-428F-9492-DB5EF3EED58F}.Release|Any CPU.Build.0 = Release|x64
		{7ABE0AB7-5659-428F-9492-DB5EF3EED58F}.Release|x64.ActiveCfg = Release|x64
		{7ABE0AB7-5659-428F-9492-DB5EF3EED58F}.Release|x64.Build.0 = Release|x64
		{AAC2C3AD-4C6A-4C29-91B7-A11D0A602BA3}.Debug|Any CPU.ActiveCfg = Debug|x64
		{AAC2C3AD-4C6A-4C29-91B7-A11D0A602BA3}.Debug|Any CPU.Build.0 = Debug|x64
		{AAC2C3AD-4C6A-4C29-91B7-A11D0A602BA3}.Debug|x64.ActiveCfg = Debug|x64
		{AAC2C3AD-4C6A-4C29-91B7-A11D0A602BA3}.Debug|x64.Build.0 = Debug|x64
		{AAC2C3AD-4C6A-4C29-91B7-A11D0A602BA3}.Release|Any CPU.ActiveCfg = Release|x64
		{AAC2C3AD-4C6A-4C29-91B7-A11D0A602BA3}.Release|Any CPU.Build.0 = Release|x64
		{AAC2C3AD-4C6A-4C29-91B7-A11D0A602BA3}.Release|x64.ActiveCfg = Release|x64
		{AAC2C3AD-4C6A-4C29-91B7-A11D0A602BA3}.Release|x64.Build.0 = Release|x64
		{E7BB5E7F-D3CD-4558-9025-575969F89BD5}.Debug|Any CPU.ActiveCfg = Debug|x64
		{E7BB5E7F-D3CD-4558-9025-575969F89BD5}.Debug|Any CPU.Build.0 = Debug|x64
		{E7BB5E7F-D3CD-4558-9025-575969F89BD5}.Debug|x64.ActiveCfg = Debug|x64
		{E7BB5E7F-D3CD-4558-9025-575969F89BD5}.Debug|x64.Build.0 = Debug|x64
		{E7BB5E7F-D3CD-4558-9025-575969F89BD5}.Release|Any CPU.ActiveCfg = Release|x64
		{E7BB5E7F-D3CD-4558-9025-575969F89BD5}.Release|Any CPU.Build.0 = Release|x64
		{E7BB5E7F-D3CD-4558-9025-575969F89BD5}.Release|x64.ActiveCfg = Release|x64
		{E7BB5E7F-D3CD-4558-9025-575969F89BD5}.Release|x64.Build.0 = Release|x64
	EndGlobalSection
	GlobalSection(SolutionProperties) = preSolution
		HideSolutionNode = FALSE
	EndGlobalSection
	GlobalSection(ExtensibilityGlobals) = postSolution
		SolutionGuid = {306D57C8-E746-442D-9E7E-E11CB8D0D19F}
	EndGlobalSection
EndGlobal
